// !$*UTF8*$!
{
	archiveVersion = 1;
	classes = {
	};
	objectVersion = 48;
	objects = {

/* Begin PBXBuildFile section */
		EC8E39B3201883F000D19E24 /* AppDelegate.swift in Sources */ = {isa = PBXBuildFile; fileRef = EC8E39B2201883F000D19E24 /* AppDelegate.swift */; };
		EC8E39B5201883F000D19E24 /* ViewController.swift in Sources */ = {isa = PBXBuildFile; fileRef = EC8E39B4201883F000D19E24 /* ViewController.swift */; };
		EC8E39B8201883F000D19E24 /* Main.storyboard in Resources */ = {isa = PBXBuildFile; fileRef = EC8E39B6201883F000D19E24 /* Main.storyboard */; };
		EC8E39BA201883F000D19E24 /* Assets.xcassets in Resources */ = {isa = PBXBuildFile; fileRef = EC8E39B9201883F000D19E24 /* Assets.xcassets */; };
		EC8E39BD201883F000D19E24 /* LaunchScreen.storyboard in Resources */ = {isa = PBXBuildFile; fileRef = EC8E39BB201883F000D19E24 /* LaunchScreen.storyboard */; };
		EC8E39C8201883F000D19E24 /* CloudKitTestTests.swift in Sources */ = {isa = PBXBuildFile; fileRef = EC8E39C7201883F000D19E24 /* CloudKitTestTests.swift */; };
		EC8E39D3201883F000D19E24 /* CloudKitTestUITests.swift in Sources */ = {isa = PBXBuildFile; fileRef = EC8E39D2201883F000D19E24 /* CloudKitTestUITests.swift */; };
/* End PBXBuildFile section */

/* Begin PBXContainerItemProxy section */
		EC8E39C4201883F000D19E24 /* PBXContainerItemProxy */ = {
			isa = PBXContainerItemProxy;
			containerPortal = EC8E39A7201883F000D19E24 /* Project object */;
			proxyType = 1;
			remoteGlobalIDString = EC8E39AE201883F000D19E24;
			remoteInfo = CloudKitTest;
		};
		EC8E39CF201883F000D19E24 /* PBXContainerItemProxy */ = {
			isa = PBXContainerItemProxy;
			containerPortal = EC8E39A7201883F000D19E24 /* Project object */;
			proxyType = 1;
			remoteGlobalIDString = EC8E39AE201883F000D19E24;
			remoteInfo = CloudKitTest;
		};
/* End PBXContainerItemProxy section */

/* Begin PBXFileReference section */
		EC8E39AF201883F000D19E24 /* CloudKitTest.app */ = {isa = PBXFileReference; explicitFileType = wrapper.application; includeInIndex = 0; path = CloudKitTest.app; sourceTree = BUILT_PRODUCTS_DIR; };
		EC8E39B2201883F000D19E24 /* AppDelegate.swift */ = {isa = PBXFileReference; lastKnownFileType = sourcecode.swift; path = AppDelegate.swift; sourceTree = "<group>"; };
		EC8E39B4201883F000D19E24 /* ViewController.swift */ = {isa = PBXFileReference; lastKnownFileType = sourcecode.swift; path = ViewController.swift; sourceTree = "<group>"; };
		EC8E39B7201883F000D19E24 /* Base */ = {isa = PBXFileReference; lastKnownFileType = file.storyboard; name = Base; path = Base.lproj/Main.storyboard; sourceTree = "<group>"; };
		EC8E39B9201883F000D19E24 /* Assets.xcassets */ = {isa = PBXFileReference; lastKnownFileType = folder.assetcatalog; path = Assets.xcassets; sourceTree = "<group>"; };
		EC8E39BC201883F000D19E24 /* Base */ = {isa = PBXFileReference; lastKnownFileType = file.storyboard; name = Base; path = Base.lproj/LaunchScreen.storyboard; sourceTree = "<group>"; };
		EC8E39BE201883F000D19E24 /* Info.plist */ = {isa = PBXFileReference; lastKnownFileType = text.plist.xml; path = Info.plist; sourceTree = "<group>"; };
		EC8E39C3201883F000D19E24 /* CloudKitTestTests.xctest */ = {isa = PBXFileReference; explicitFileType = wrapper.cfbundle; includeInIndex = 0; path = CloudKitTestTests.xctest; sourceTree = BUILT_PRODUCTS_DIR; };
		EC8E39C7201883F000D19E24 /* CloudKitTestTests.swift */ = {isa = PBXFileReference; lastKnownFileType = sourcecode.swift; path = CloudKitTestTests.swift; sourceTree = "<group>"; };
		EC8E39C9201883F000D19E24 /* Info.plist */ = {isa = PBXFileReference; lastKnownFileType = text.plist.xml; path = Info.plist; sourceTree = "<group>"; };
		EC8E39CE201883F000D19E24 /* CloudKitTestUITests.xctest */ = {isa = PBXFileReference; explicitFileType = wrapper.cfbundle; includeInIndex = 0; path = CloudKitTestUITests.xctest; sourceTree = BUILT_PRODUCTS_DIR; };
		EC8E39D2201883F000D19E24 /* CloudKitTestUITests.swift */ = {isa = PBXFileReference; lastKnownFileType = sourcecode.swift; path = CloudKitTestUITests.swift; sourceTree = "<group>"; };
		EC8E39D4201883F000D19E24 /* Info.plist */ = {isa = PBXFileReference; lastKnownFileType = text.plist.xml; path = Info.plist; sourceTree = "<group>"; };
/* End PBXFileReference section */

/* Begin PBXFrameworksBuildPhase section */
		EC8E39AC201883F000D19E24 /* Frameworks */ = {
			isa = PBXFrameworksBuildPhase;
			buildActionMask = 2147483647;
			files = (
			);
			runOnlyForDeploymentPostprocessing = 0;
		};
		EC8E39C0201883F000D19E24 /* Frameworks */ = {
			isa = PBXFrameworksBuildPhase;
			buildActionMask = 2147483647;
			files = (
			);
			runOnlyForDeploymentPostprocessing = 0;
		};
		EC8E39CB201883F000D19E24 /* Frameworks */ = {
			isa = PBXFrameworksBuildPhase;
			buildActionMask = 2147483647;
			files = (
			);
			runOnlyForDeploymentPostprocessing = 0;
		};
/* End PBXFrameworksBuildPhase section */

/* Begin PBXGroup section */
		EC8E39A6201883F000D19E24 = {
			isa = PBXGroup;
			children = (
				EC8E39B1201883F000D19E24 /* CloudKitTest */,
				EC8E39C6201883F000D19E24 /* CloudKitTestTests */,
				EC8E39D1201883F000D19E24 /* CloudKitTestUITests */,
				EC8E39B0201883F000D19E24 /* Products */,
			);
			sourceTree = "<group>";
		};
		EC8E39B0201883F000D19E24 /* Products */ = {
			isa = PBXGroup;
			children = (
				EC8E39AF201883F000D19E24 /* CloudKitTest.app */,
				EC8E39C3201883F000D19E24 /* CloudKitTestTests.xctest */,
				EC8E39CE201883F000D19E24 /* CloudKitTestUITests.xctest */,
			);
			name = Products;
			sourceTree = "<group>";
		};
		EC8E39B1201883F000D19E24 /* CloudKitTest */ = {
			isa = PBXGroup;
			children = (
				EC8E39B2201883F000D19E24 /* AppDelegate.swift */,
				EC8E39B4201883F000D19E24 /* ViewController.swift */,
				EC8E39B6201883F000D19E24 /* Main.storyboard */,
				EC8E39B9201883F000D19E24 /* Assets.xcassets */,
				EC8E39BB201883F000D19E24 /* LaunchScreen.storyboard */,
				EC8E39BE201883F000D19E24 /* Info.plist */,
			);
			path = CloudKitTest;
			sourceTree = "<group>";
		};
		EC8E39C6201883F000D19E24 /* CloudKitTestTests */ = {
			isa = PBXGroup;
			children = (
				EC8E39C7201883F000D19E24 /* CloudKitTestTests.swift */,
				EC8E39C9201883F000D19E24 /* Info.plist */,
			);
			path = CloudKitTestTests;
			sourceTree = "<group>";
		};
		EC8E39D1201883F000D19E24 /* CloudKitTestUITests */ = {
			isa = PBXGroup;
			children = (
				EC8E39D2201883F000D19E24 /* CloudKitTestUITests.swift */,
				EC8E39D4201883F000D19E24 /* Info.plist */,
			);
			path = CloudKitTestUITests;
			sourceTree = "<group>";
		};
/* End PBXGroup section */

/* Begin PBXNativeTarget section */
		EC8E39AE201883F000D19E24 /* CloudKitTest */ = {
			isa = PBXNativeTarget;
			buildConfigurationList = EC8E39D7201883F000D19E24 /* Build configuration list for PBXNativeTarget "CloudKitTest" */;
			buildPhases = (
				EC8E39AB201883F000D19E24 /* Sources */,
				EC8E39AC201883F000D19E24 /* Frameworks */,
				EC8E39AD201883F000D19E24 /* Resources */,
			);
			buildRules = (
			);
			dependencies = (
			);
			name = CloudKitTest;
			productName = CloudKitTest;
			productReference = EC8E39AF201883F000D19E24 /* CloudKitTest.app */;
			productType = "com.apple.product-type.application";
		};
		EC8E39C2201883F000D19E24 /* CloudKitTestTests */ = {
			isa = PBXNativeTarget;
			buildConfigurationList = EC8E39DA201883F000D19E24 /* Build configuration list for PBXNativeTarget "CloudKitTestTests" */;
			buildPhases = (
				EC8E39BF201883F000D19E24 /* Sources */,
				EC8E39C0201883F000D19E24 /* Frameworks */,
				EC8E39C1201883F000D19E24 /* Resources */,
			);
			buildRules = (
			);
			dependencies = (
				EC8E39C5201883F000D19E24 /* PBXTargetDependency */,
			);
			name = CloudKitTestTests;
			productName = CloudKitTestTests;
			productReference = EC8E39C3201883F000D19E24 /* CloudKitTestTests.xctest */;
			productType = "com.apple.product-type.bundle.unit-test";
		};
		EC8E39CD201883F000D19E24 /* CloudKitTestUITests */ = {
			isa = PBXNativeTarget;
			buildConfigurationList = EC8E39DD201883F000D19E24 /* Build configuration list for PBXNativeTarget "CloudKitTestUITests" */;
			buildPhases = (
				EC8E39CA201883F000D19E24 /* Sources */,
				EC8E39CB201883F000D19E24 /* Frameworks */,
				EC8E39CC201883F000D19E24 /* Resources */,
			);
			buildRules = (
			);
			dependencies = (
				EC8E39D0201883F000D19E24 /* PBXTargetDependency */,
			);
			name = CloudKitTestUITests;
			productName = CloudKitTestUITests;
			productReference = EC8E39CE201883F000D19E24 /* CloudKitTestUITests.xctest */;
			productType = "com.apple.product-type.bundle.ui-testing";
		};
/* End PBXNativeTarget section */

/* Begin PBXProject section */
		EC8E39A7201883F000D19E24 /* Project object */ = {
			isa = PBXProject;
			attributes = {
				LastSwiftUpdateCheck = 0920;
				LastUpgradeCheck = 0920;
				ORGANIZATIONNAME = Lynne;
				TargetAttributes = {
					EC8E39AE201883F000D19E24 = {
						CreatedOnToolsVersion = 9.2;
						ProvisioningStyle = Automatic;
					};
					EC8E39C2201883F000D19E24 = {
						CreatedOnToolsVersion = 9.2;
						ProvisioningStyle = Automatic;
						TestTargetID = EC8E39AE201883F000D19E24;
					};
					EC8E39CD201883F000D19E24 = {
						CreatedOnToolsVersion = 9.2;
						ProvisioningStyle = Automatic;
						TestTargetID = EC8E39AE201883F000D19E24;
					};
				};
			};
			buildConfigurationList = EC8E39AA201883F000D19E24 /* Build configuration list for PBXProject "CloudKitTest" */;
			compatibilityVersion = "Xcode 8.0";
			developmentRegion = en;
			hasScannedForEncodings = 0;
			knownRegions = (
				en,
				Base,
			);
			mainGroup = EC8E39A6201883F000D19E24;
			productRefGroup = EC8E39B0201883F000D19E24 /* Products */;
			projectDirPath = "";
			projectRoot = "";
			targets = (
				EC8E39AE201883F000D19E24 /* CloudKitTest */,
				EC8E39C2201883F000D19E24 /* CloudKitTestTests */,
				EC8E39CD201883F000D19E24 /* CloudKitTestUITests */,
			);
		};
/* End PBXProject section */

/* Begin PBXResourcesBuildPhase section */
		EC8E39AD201883F000D19E24 /* Resources */ = {
			isa = PBXResourcesBuildPhase;
			buildActionMask = 2147483647;
			files = (
				EC8E39BD201883F000D19E24 /* LaunchScreen.storyboard in Resources */,
				EC8E39BA201883F000D19E24 /* Assets.xcassets in Resources */,
				EC8E39B8201883F000D19E24 /* Main.storyboard in Resources */,
			);
			runOnlyForDeploymentPostprocessing = 0;
		};
		EC8E39C1201883F000D19E24 /* Resources */ = {
			isa = PBXResourcesBuildPhase;
			buildActionMask = 2147483647;
			files = (
			);
			runOnlyForDeploymentPostprocessing = 0;
		};
		EC8E39CC201883F000D19E24 /* Resources */ = {
			isa = PBXResourcesBuildPhase;
			buildActionMask = 2147483647;
			files = (
			);
			runOnlyForDeploymentPostprocessing = 0;
		};
/* End PBXResourcesBuildPhase section */

/* Begin PBXSourcesBuildPhase section */
		EC8E39AB201883F000D19E24 /* Sources */ = {
			isa = PBXSourcesBuildPhase;
			buildActionMask = 2147483647;
			files = (
				EC8E39B5201883F000D19E24 /* ViewController.swift in Sources */,
				EC8E39B3201883F000D19E24 /* AppDelegate.swift in Sources */,
			);
			runOnlyForDeploymentPostprocessing = 0;
		};
		EC8E39BF201883F000D19E24 /* Sources */ = {
			isa = PBXSourcesBuildPhase;
			buildActionMask = 2147483647;
			files = (
				EC8E39C8201883F000D19E24 /* CloudKitTestTests.swift in Sources */,
			);
			runOnlyForDeploymentPostprocessing = 0;
		};
		EC8E39CA201883F000D19E24 /* Sources */ = {
			isa = PBXSourcesBuildPhase;
			buildActionMask = 2147483647;
			files = (
				EC8E39D3201883F000D19E24 /* CloudKitTestUITests.swift in Sources */,
			);
			runOnlyForDeploymentPostprocessing = 0;
		};
/* End PBXSourcesBuildPhase section */

/* Begin PBXTargetDependency section */
		EC8E39C5201883F000D19E24 /* PBXTargetDependency */ = {
			isa = PBXTargetDependency;
			target = EC8E39AE201883F000D19E24 /* CloudKitTest */;
			targetProxy = EC8E39C4201883F000D19E24 /* PBXContainerItemProxy */;
		};
		EC8E39D0201883F000D19E24 /* PBXTargetDependency */ = {
			isa = PBXTargetDependency;
			target = EC8E39AE201883F000D19E24 /* CloudKitTest */;
			targetProxy = EC8E39CF201883F000D19E24 /* PBXContainerItemProxy */;
		};
/* End PBXTargetDependency section */

/* Begin PBXVariantGroup section */
		EC8E39B6201883F000D19E24 /* Main.storyboard */ = {
			isa = PBXVariantGroup;
			children = (
				EC8E39B7201883F000D19E24 /* Base */,
			);
			name = Main.storyboard;
			sourceTree = "<group>";
		};
		EC8E39BB201883F000D19E24 /* LaunchScreen.storyboard */ = {
			isa = PBXVariantGroup;
			children = (
				EC8E39BC201883F000D19E24 /* Base */,
			);
			name = LaunchScreen.storyboard;
			sourceTree = "<group>";
		};
/* End PBXVariantGroup section */

/* Begin XCBuildConfiguration section */
		EC8E39D5201883F000D19E24 /* Debug */ = {
			isa = XCBuildConfiguration;
			buildSettings = {
				ALWAYS_SEARCH_USER_PATHS = NO;
				CLANG_ANALYZER_NONNULL = YES;
				CLANG_ANALYZER_NUMBER_OBJECT_CONVERSION = YES_AGGRESSIVE;
				CLANG_CXX_LANGUAGE_STANDARD = "gnu++14";
				CLANG_CXX_LIBRARY = "libc++";
				CLANG_ENABLE_MODULES = YES;
				CLANG_ENABLE_OBJC_ARC = YES;
				CLANG_WARN_BLOCK_CAPTURE_AUTORELEASING = YES;
				CLANG_WARN_BOOL_CONVERSION = YES;
				CLANG_WARN_COMMA = YES;
				CLANG_WARN_CONSTANT_CONVERSION = YES;
				CLANG_WARN_DIRECT_OBJC_ISA_USAGE = YES_ERROR;
				CLANG_WARN_DOCUMENTATION_COMMENTS = YES;
				CLANG_WARN_EMPTY_BODY = YES;
				CLANG_WARN_ENUM_CONVERSION = YES;
				CLANG_WARN_INFINITE_RECURSION = YES;
				CLANG_WARN_INT_CONVERSION = YES;
				CLANG_WARN_NON_LITERAL_NULL_CONVERSION = YES;
				CLANG_WARN_OBJC_LITERAL_CONVERSION = YES;
				CLANG_WARN_OBJC_ROOT_CLASS = YES_ERROR;
				CLANG_WARN_RANGE_LOOP_ANALYSIS = YES;
				CLANG_WARN_STRICT_PROTOTYPES = YES;
				CLANG_WARN_SUSPICIOUS_MOVE = YES;
				CLANG_WARN_UNGUARDED_AVAILABILITY = YES_AGGRESSIVE;
				CLANG_WARN_UNREACHABLE_CODE = YES;
				CLANG_WARN__DUPLICATE_METHOD_MATCH = YES;
				CODE_SIGN_IDENTITY = "iPhone Developer";
				COPY_PHASE_STRIP = NO;
				DEBUG_INFORMATION_FORMAT = dwarf;
				ENABLE_STRICT_OBJC_MSGSEND = YES;
				ENABLE_TESTABILITY = YES;
				GCC_C_LANGUAGE_STANDARD = gnu11;
				GCC_DYNAMIC_NO_PIC = NO;
				GCC_NO_COMMON_BLOCKS = YES;
				GCC_OPTIMIZATION_LEVEL = 0;
				GCC_PREPROCESSOR_DEFINITIONS = (
					"DEBUG=1",
					"$(inherited)",
				);
				GCC_WARN_64_TO_32_BIT_CONVERSION = YES;
				GCC_WARN_ABOUT_RETURN_TYPE = YES_ERROR;
				GCC_WARN_UNDECLARED_SELECTOR = YES;
				GCC_WARN_UNINITIALIZED_AUTOS = YES_AGGRESSIVE;
				GCC_WARN_UNUSED_FUNCTION = YES;
				GCC_WARN_UNUSED_VARIABLE = YES;
				IPHONEOS_DEPLOYMENT_TARGET = 11.2;
				MTL_ENABLE_DEBUG_INFO = YES;
				ONLY_ACTIVE_ARCH = YES;
				SDKROOT = iphoneos;
				SWIFT_ACTIVE_COMPILATION_CONDITIONS = DEBUG;
				SWIFT_OPTIMIZATION_LEVEL = "-Onone";
			};
			name = Debug;
		};
		EC8E39D6201883F000D19E24 /* Release */ = {
			isa = XCBuildConfiguration;
			buildSettings = {
				ALWAYS_SEARCH_USER_PATHS = NO;
				CLANG_ANALYZER_NONNULL = YES;
				CLANG_ANALYZER_NUMBER_OBJECT_CONVERSION = YES_AGGRESSIVE;
				CLANG_CXX_LANGUAGE_STANDARD = "gnu++14";
				CLANG_CXX_LIBRARY = "libc++";
				CLANG_ENABLE_MODULES = YES;
				CLANG_ENABLE_OBJC_ARC = YES;
				CLANG_WARN_BLOCK_CAPTURE_AUTORELEASING = YES;
				CLANG_WARN_BOOL_CONVERSION = YES;
				CLANG_WARN_COMMA = YES;
				CLANG_WARN_CONSTANT_CONVERSION = YES;
				CLANG_WARN_DIRECT_OBJC_ISA_USAGE = YES_ERROR;
				CLANG_WARN_DOCUMENTATION_COMMENTS = YES;
				CLANG_WARN_EMPTY_BODY = YES;
				CLANG_WARN_ENUM_CONVERSION = YES;
				CLANG_WARN_INFINITE_RECURSION = YES;
				CLANG_WARN_INT_CONVERSION = YES;
				CLANG_WARN_NON_LITERAL_NULL_CONVERSION = YES;
				CLANG_WARN_OBJC_LITERAL_CONVERSION = YES;
				CLANG_WARN_OBJC_ROOT_CLASS = YES_ERROR;
				CLANG_WARN_RANGE_LOOP_ANALYSIS = YES;
				CLANG_WARN_STRICT_PROTOTYPES = YES;
				CLANG_WARN_SUSPICIOUS_MOVE = YES;
				CLANG_WARN_UNGUARDED_AVAILABILITY = YES_AGGRESSIVE;
				CLANG_WARN_UNREACHABLE_CODE = YES;
				CLANG_WARN__DUPLICATE_METHOD_MATCH = YES;
				CODE_SIGN_IDENTITY = "iPhone Developer";
				COPY_PHASE_STRIP = NO;
				DEBUG_INFORMATION_FORMAT = "dwarf-with-dsym";
				ENABLE_NS_ASSERTIONS = NO;
				ENABLE_STRICT_OBJC_MSGSEND = YES;
				GCC_C_LANGUAGE_STANDARD = gnu11;
				GCC_NO_COMMON_BLOCKS = YES;
				GCC_WARN_64_TO_32_BIT_CONVERSION = YES;
				GCC_WARN_ABOUT_RETURN_TYPE = YES_ERROR;
				GCC_WARN_UNDECLARED_SELECTOR = YES;
				GCC_WARN_UNINITIALIZED_AUTOS = YES_AGGRESSIVE;
				GCC_WARN_UNUSED_FUNCTION = YES;
				GCC_WARN_UNUSED_VARIABLE = YES;
				IPHONEOS_DEPLOYMENT_TARGET = 11.2;
				MTL_ENABLE_DEBUG_INFO = NO;
				SDKROOT = iphoneos;
				SWIFT_OPTIMIZATION_LEVEL = "-Owholemodule";
				VALIDATE_PRODUCT = YES;
			};
			name = Release;
		};
		EC8E39D8201883F000D19E24 /* Debug */ = {
			isa = XCBuildConfiguration;
			buildSettings = {
				ASSETCATALOG_COMPILER_APPICON_NAME = AppIcon;
				CODE_SIGN_STYLE = Automatic;
				INFOPLIST_FILE = CloudKitTest/Info.plist;
				LD_RUNPATH_SEARCH_PATHS = "$(inherited) @executable_path/Frameworks";
				PRODUCT_BUNDLE_IDENTIFIER = Lynne.CloudKitTest;
				PRODUCT_NAME = "$(TARGET_NAME)";
				SWIFT_VERSION = 4.0;
				TARGETED_DEVICE_FAMILY = "1,2";
			};
			name = Debug;
		};
		EC8E39D9201883F000D19E24 /* Release */ = {
			isa = XCBuildConfiguration;
			buildSettings = {
				ASSETCATALOG_COMPILER_APPICON_NAME = AppIcon;
				CODE_SIGN_STYLE = Automatic;
				INFOPLIST_FILE = CloudKitTest/Info.plist;
				LD_RUNPATH_SEARCH_PATHS = "$(inherited) @executable_path/Frameworks";
				PRODUCT_BUNDLE_IDENTIFIER = Lynne.CloudKitTest;
				PRODUCT_NAME = "$(TARGET_NAME)";
				SWIFT_VERSION = 4.0;
				TARGETED_DEVICE_FAMILY = "1,2";
			};
			name = Release;
		};
		EC8E39DB201883F000D19E24 /* Debug */ = {
			isa = XCBuildConfiguration;
			buildSettings = {
				ALWAYS_EMBED_SWIFT_STANDARD_LIBRARIES = YES;
				BUNDLE_LOADER = "$(TEST_HOST)";
				CODE_SIGN_STYLE = Automatic;
				INFOPLIST_FILE = CloudKitTestTests/Info.plist;
				LD_RUNPATH_SEARCH_PATHS = "$(inherited) @executable_path/Frameworks @loader_path/Frameworks";
				PRODUCT_BUNDLE_IDENTIFIER = Lynne.CloudKitTestTests;
				PRODUCT_NAME = "$(TARGET_NAME)";
				SWIFT_VERSION = 4.0;
				TARGETED_DEVICE_FAMILY = "1,2";
				TEST_HOST = "$(BUILT_PRODUCTS_DIR)/CloudKitTest.app/CloudKitTest";
			};
			name = Debug;
		};
		EC8E39DC201883F000D19E24 /* Release */ = {
			isa = XCBuildConfiguration;
			buildSettings = {
				ALWAYS_EMBED_SWIFT_STANDARD_LIBRARIES = YES;
				BUNDLE_LOADER = "$(TEST_HOST)";
				CODE_SIGN_STYLE = Automatic;
				INFOPLIST_FILE = CloudKitTestTests/Info.plist;
				LD_RUNPATH_SEARCH_PATHS = "$(inherited) @executable_path/Frameworks @loader_path/Frameworks";
				PRODUCT_BUNDLE_IDENTIFIER = Lynne.CloudKitTestTests;
				PRODUCT_NAME = "$(TARGET_NAME)";
				SWIFT_VERSION = 4.0;
				TARGETED_DEVICE_FAMILY = "1,2";
				TEST_HOST = "$(BUILT_PRODUCTS_DIR)/CloudKitTest.app/CloudKitTest";
			};
			name = Release;
		};
		EC8E39DE201883F000D19E24 /* Debug */ = {
			isa = XCBuildConfiguration;
			buildSettings = {
				ALWAYS_EMBED_SWIFT_STANDARD_LIBRARIES = YES;
				CODE_SIGN_STYLE = Automatic;
				INFOPLIST_FILE = CloudKitTestUITests/Info.plist;
				LD_RUNPATH_SEARCH_PATHS = "$(inherited) @executable_path/Frameworks @loader_path/Frameworks";
				PRODUCT_BUNDLE_IDENTIFIER = Lynne.CloudKitTestUITests;
				PRODUCT_NAME = "$(TARGET_NAME)";
				SWIFT_VERSION = 4.0;
				TARGETED_DEVICE_FAMILY = "1,2";
				TEST_TARGET_NAME = CloudKitTest;
			};
			name = Debug;
		};
		EC8E39DF201883F000D19E24 /* Release */ = {
			isa = XCBuildConfiguration;
			buildSettings = {
				ALWAYS_EMBED_SWIFT_STANDARD_LIBRARIES = YES;
				CODE_SIGN_STYLE = Automatic;
				INFOPLIST_FILE = CloudKitTestUITests/Info.plist;
				LD_RUNPATH_SEARCH_PATHS = "$(inherited) @executable_path/Frameworks @loader_path/Frameworks";
				PRODUCT_BUNDLE_IDENTIFIER = Lynne.CloudKitTestUITests;
				PRODUCT_NAME = "$(TARGET_NAME)";
				SWIFT_VERSION = 4.0;
				TARGETED_DEVICE_FAMILY = "1,2";
				TEST_TARGET_NAME = CloudKitTest;
			};
			name = Release;
		};
/* End XCBuildConfiguration section */

/* Begin XCConfigurationList section */
		EC8E39AA201883F000D19E24 /* Build configuration list for PBXProject "CloudKitTest" */ = {
			isa = XCConfigurationList;
			buildConfigurations = (
				EC8E39D5201883F000D19E24 /* Debug */,
				EC8E39D6201883F000D19E24 /* Release */,
			);
			defaultConfigurationIsVisible = 0;
			defaultConfigurationName = Release;
		};
		EC8E39D7201883F000D19E24 /* Build configuration list for PBXNativeTarget "CloudKitTest" */ = {
			isa = XCConfigurationList;
			buildConfigurations = (
				EC8E39D8201883F000D19E24 /* Debug */,
				EC8E39D9201883F000D19E24 /* Release */,
			);
			defaultConfigurationIsVisible = 0;
			defaultConfigurationName = Release;
		};
		EC8E39DA201883F000D19E24 /* Build configuration list for PBXNativeTarget "CloudKitTestTests" */ = {
			isa = XCConfigurationList;
			buildConfigurations = (
				EC8E39DB201883F000D19E24 /* Debug */,
				EC8E39DC201883F000D19E24 /* Release */,
			);
			defaultConfigurationIsVisible = 0;
			defaultConfigurationName = Release;
		};
		EC8E39DD201883F000D19E24 /* Build configuration list for PBXNativeTarget "CloudKitTestUITests" */ = {
			isa = XCConfigurationList;
			buildConfigurations = (
				EC8E39DE201883F000D19E24 /* Debug */,
				EC8E39DF201883F000D19E24 /* Release */,
			);
			defaultConfigurationIsVisible = 0;
			defaultConfigurationName = Release;
		};
/* End XCConfigurationList section */
	};
	rootObject = EC8E39A7201883F000D19E24 /* Project object */;
}
